<Solution>
  <Folder Name="/Solution Items/">
    <File Path=".gitignore" />
  </Folder>
  <Project Path="StudentManagement.API/StudentManagement.API.csproj" />
  <Project Path="StudentManagement.Client/StudentManagement.ConsoleClient.csproj" Id="15360243-5784-4094-84a2-44f456b6278f" />
</Solution>
